// !$*UTF8*$!
{
	archiveVersion = 1;
	classes = {
	};
	objectVersion = 56;
	objects = {

/* Begin PBXBuildFile section */
		EAA455802BC2CEA500AA0313 /* AppDelegate.swift in Sources */ = {isa = PBXBuildFile; fileRef = EAA4557F2BC2CEA500AA0313 /* AppDelegate.swift */; };
		EAA455822BC2CEA500AA0313 /* SceneDelegate.swift in Sources */ = {isa = PBXBuildFile; fileRef = EAA455812BC2CEA500AA0313 /* SceneDelegate.swift */; };
		EAA455842BC2CEA500AA0313 /* ViewController.swift in Sources */ = {isa = PBXBuildFile; fileRef = EAA455832BC2CEA500AA0313 /* ViewController.swift */; };
		EAA455872BC2CEA500AA0313 /* Base in Resources */ = {isa = PBXBuildFile; fileRef = EAA455862BC2CEA500AA0313 /* Base */; };
		EAA455892BC2CEA600AA0313 /* Assets.xcassets in Resources */ = {isa = PBXBuildFile; fileRef = EAA455882BC2CEA600AA0313 /* Assets.xcassets */; };
		EAA4558C2BC2CEA600AA0313 /* Base in Resources */ = {isa = PBXBuildFile; fileRef = EAA4558B2BC2CEA600AA0313 /* Base */; };
		EAA455972BC2CEA700AA0313 /* I_am_RichTests.swift in Sources */ = {isa = PBXBuildFile; fileRef = EAA455962BC2CEA700AA0313 /* I_am_RichTests.swift */; };
		EAA455A12BC2CEA700AA0313 /* I_am_RichUITests.swift in Sources */ = {isa = PBXBuildFile; fileRef = EAA455A02BC2CEA700AA0313 /* I_am_RichUITests.swift */; };
		EAA455A32BC2CEA700AA0313 /* I_am_RichUITestsLaunchTests.swift in Sources */ = {isa = PBXBuildFile; fileRef = EAA455A22BC2CEA700AA0313 /* I_am_RichUITestsLaunchTests.swift */; };
/* End PBXBuildFile section */

/* Begin PBXContainerItemProxy section */
		EAA455932BC2CEA700AA0313 /* PBXContainerItemProxy */ = {
			isa = PBXContainerItemProxy;
			containerPortal = EAA455742BC2CEA500AA0313 /* Project object */;
			proxyType = 1;
			remoteGlobalIDString = EAA4557B2BC2CEA500AA0313;
			remoteInfo = "I am Rich";
		};
		EAA4559D2BC2CEA700AA0313 /* PBXContainerItemProxy */ = {
			isa = PBXContainerItemProxy;
			containerPortal = EAA455742BC2CEA500AA0313 /* Project object */;
			proxyType = 1;
			remoteGlobalIDString = EAA4557B2BC2CEA500AA0313;
			remoteInfo = "I am Rich";
		};
/* End PBXContainerItemProxy section */

/* Begin PBXFileReference section */
		EAA4557C2BC2CEA500AA0313 /* I am Rich.app */ = {isa = PBXFileReference; explicitFileType = wrapper.application; includeInIndex = 0; path = "I am Rich.app"; sourceTree = BUILT_PRODUCTS_DIR; };
		EAA4557F2BC2CEA500AA0313 /* AppDelegate.swift */ = {isa = PBXFileReference; lastKnownFileType = sourcecode.swift; path = AppDelegate.swift; sourceTree = "<group>"; };
		EAA455812BC2CEA500AA0313 /* SceneDelegate.swift */ = {isa = PBXFileReference; lastKnownFileType = sourcecode.swift; path = SceneDelegate.swift; sourceTree = "<group>"; };
		EAA455832BC2CEA500AA0313 /* ViewController.swift */ = {isa = PBXFileReference; lastKnownFileType = sourcecode.swift; path = ViewController.swift; sourceTree = "<group>"; };
		EAA455862BC2CEA500AA0313 /* Base */ = {isa = PBXFileReference; lastKnownFileType = file.storyboard; name = Base; path = Base.lproj/Main.storyboard; sourceTree = "<group>"; };
		EAA455882BC2CEA600AA0313 /* Assets.xcassets */ = {isa = PBXFileReference; lastKnownFileType = folder.assetcatalog; path = Assets.xcassets; sourceTree = "<group>"; };
		EAA4558B2BC2CEA600AA0313 /* Base */ = {isa = PBXFileReference; lastKnownFileType = file.storyboard; name = Base; path = Base.lproj/LaunchScreen.storyboard; sourceTree = "<group>"; };
		EAA4558D2BC2CEA600AA0313 /* Info.plist */ = {isa = PBXFileReference; lastKnownFileType = text.plist.xml; path = Info.plist; sourceTree = "<group>"; };
		EAA455922BC2CEA700AA0313 /* I am RichTests.xctest */ = {isa = PBXFileReference; explicitFileType = wrapper.cfbundle; includeInIndex = 0; path = "I am RichTests.xctest"; sourceTree = BUILT_PRODUCTS_DIR; };
		EAA455962BC2CEA700AA0313 /* I_am_RichTests.swift */ = {isa = PBXFileReference; lastKnownFileType = sourcecode.swift; path = I_am_RichTests.swift; sourceTree = "<group>"; };
		EAA4559C2BC2CEA700AA0313 /* I am RichUITests.xctest */ = {isa = PBXFileReference; explicitFileType = wrapper.cfbundle; includeInIndex = 0; path = "I am RichUITests.xctest"; sourceTree = BUILT_PRODUCTS_DIR; };
		EAA455A02BC2CEA700AA0313 /* I_am_RichUITests.swift */ = {isa = PBXFileReference; lastKnownFileType = sourcecode.swift; path = I_am_RichUITests.swift; sourceTree = "<group>"; };
		EAA455A22BC2CEA700AA0313 /* I_am_RichUITestsLaunchTests.swift */ = {isa = PBXFileReference; lastKnownFileType = sourcecode.swift; path = I_am_RichUITestsLaunchTests.swift; sourceTree = "<group>"; };
/* End PBXFileReference section */

/* Begin PBXFrameworksBuildPhase section */
		EAA455792BC2CEA500AA0313 /* Frameworks */ = {
			isa = PBXFrameworksBuildPhase;
			buildActionMask = 2147483647;
			files = (
			);
			runOnlyForDeploymentPostprocessing = 0;
		};
		EAA4558F2BC2CEA700AA0313 /* Frameworks */ = {
			isa = PBXFrameworksBuildPhase;
			buildActionMask = 2147483647;
			files = (
			);
			runOnlyForDeploymentPostprocessing = 0;
		};
		EAA455992BC2CEA700AA0313 /* Frameworks */ = {
			isa = PBXFrameworksBuildPhase;
			buildActionMask = 2147483647;
			files = (
			);
			runOnlyForDeploymentPostprocessing = 0;
		};
/* End PBXFrameworksBuildPhase section */

/* Begin PBXGroup section */
		EAA455732BC2CEA500AA0313 = {
			isa = PBXGroup;
			children = (
				EAA4557E2BC2CEA500AA0313 /* I am Rich */,
				EAA455952BC2CEA700AA0313 /* I am RichTests */,
				EAA4559F2BC2CEA700AA0313 /* I am RichUITests */,
				EAA4557D2BC2CEA500AA0313 /* Products */,
			);
			sourceTree = "<group>";
		};
		EAA4557D2BC2CEA500AA0313 /* Products */ = {
			isa = PBXGroup;
			children = (
				EAA4557C2BC2CEA500AA0313 /* I am Rich.app */,
				EAA455922BC2CEA700AA0313 /* I am RichTests.xctest */,
				EAA4559C2BC2CEA700AA0313 /* I am RichUITests.xctest */,
			);
			name = Products;
			sourceTree = "<group>";
		};
		EAA4557E2BC2CEA500AA0313 /* I am Rich */ = {
			isa = PBXGroup;
			children = (
				EAA4557F2BC2CEA500AA0313 /* AppDelegate.swift */,
				EAA455812BC2CEA500AA0313 /* SceneDelegate.swift */,
				EAA455832BC2CEA500AA0313 /* ViewController.swift */,
				EAA455852BC2CEA500AA0313 /* Main.storyboard */,
				EAA455882BC2CEA600AA0313 /* Assets.xcassets */,
				EAA4558A2BC2CEA600AA0313 /* LaunchScreen.storyboard */,
				EAA4558D2BC2CEA600AA0313 /* Info.plist */,
			);
			path = "I am Rich";
			sourceTree = "<group>";
		};
		EAA455952BC2CEA700AA0313 /* I am RichTests */ = {
			isa = PBXGroup;
			children = (
				EAA455962BC2CEA700AA0313 /* I_am_RichTests.swift */,
			);
			path = "I am RichTests";
			sourceTree = "<group>";
		};
		EAA4559F2BC2CEA700AA0313 /* I am RichUITests */ = {
			isa = PBXGroup;
			children = (
				EAA455A02BC2CEA700AA0313 /* I_am_RichUITests.swift */,
				EAA455A22BC2CEA700AA0313 /* I_am_RichUITestsLaunchTests.swift */,
			);
			path = "I am RichUITests";
			sourceTree = "<group>";
		};
/* End PBXGroup section */

/* Begin PBXNativeTarget section */
		EAA4557B2BC2CEA500AA0313 /* I am Rich */ = {
			isa = PBXNativeTarget;
			buildConfigurationList = EAA455A62BC2CEA700AA0313 /* Build configuration list for PBXNativeTarget "I am Rich" */;
			buildPhases = (
				EAA455782BC2CEA500AA0313 /* Sources */,
				EAA455792BC2CEA500AA0313 /* Frameworks */,
				EAA4557A2BC2CEA500AA0313 /* Resources */,
			);
			buildRules = (
			);
			dependencies = (
			);
			name = "I am Rich";
			productName = "I am Rich";
			productReference = EAA4557C2BC2CEA500AA0313 /* I am Rich.app */;
			productType = "com.apple.product-type.application";
		};
		EAA455912BC2CEA700AA0313 /* I am RichTests */ = {
			isa = PBXNativeTarget;
			buildConfigurationList = EAA455A92BC2CEA700AA0313 /* Build configuration list for PBXNativeTarget "I am RichTests" */;
			buildPhases = (
				EAA4558E2BC2CEA700AA0313 /* Sources */,
				EAA4558F2BC2CEA700AA0313 /* Frameworks */,
				EAA455902BC2CEA700AA0313 /* Resources */,
			);
			buildRules = (
			);
			dependencies = (
				EAA455942BC2CEA700AA0313 /* PBXTargetDependency */,
			);
			name = "I am RichTests";
			productName = "I am RichTests";
			productReference = EAA455922BC2CEA700AA0313 /* I am RichTests.xctest */;
			productType = "com.apple.product-type.bundle.unit-test";
		};
		EAA4559B2BC2CEA700AA0313 /* I am RichUITests */ = {
			isa = PBXNativeTarget;
			buildConfigurationList = EAA455AC2BC2CEA700AA0313 /* Build configuration list for PBXNativeTarget "I am RichUITests" */;
			buildPhases = (
				EAA455982BC2CEA700AA0313 /* Sources */,
				EAA455992BC2CEA700AA0313 /* Frameworks */,
				EAA4559A2BC2CEA700AA0313 /* Resources */,
			);
			buildRules = (
			);
			dependencies = (
				EAA4559E2BC2CEA700AA0313 /* PBXTargetDependency */,
			);
			name = "I am RichUITests";
			productName = "I am RichUITests";
			productReference = EAA4559C2BC2CEA700AA0313 /* I am RichUITests.xctest */;
			productType = "com.apple.product-type.bundle.ui-testing";
		};
/* End PBXNativeTarget section */

/* Begin PBXProject section */
		EAA455742BC2CEA500AA0313 /* Project object */ = {
			isa = PBXProject;
			attributes = {
				BuildIndependentTargetsInParallel = 1;
				LastSwiftUpdateCheck = 1530;
				LastUpgradeCheck = 1530;
				TargetAttributes = {
					EAA4557B2BC2CEA500AA0313 = {
						CreatedOnToolsVersion = 15.3;
					};
					EAA455912BC2CEA700AA0313 = {
						CreatedOnToolsVersion = 15.3;
						TestTargetID = EAA4557B2BC2CEA500AA0313;
					};
					EAA4559B2BC2CEA700AA0313 = {
						CreatedOnToolsVersion = 15.3;
						TestTargetID = EAA4557B2BC2CEA500AA0313;
					};
				};
			};
			buildConfigurationList = EAA455772BC2CEA500AA0313 /* Build configuration list for PBXProject "I am Rich" */;
			compatibilityVersion = "Xcode 14.0";
			developmentRegion = en;
			hasScannedForEncodings = 0;
			knownRegions = (
				en,
				Base,
			);
			mainGroup = EAA455732BC2CEA500AA0313;
			productRefGroup = EAA4557D2BC2CEA500AA0313 /* Products */;
			projectDirPath = "";
			projectRoot = "";
			targets = (
				EAA4557B2BC2CEA500AA0313 /* I am Rich */,
				EAA455912BC2CEA700AA0313 /* I am RichTests */,
				EAA4559B2BC2CEA700AA0313 /* I am RichUITests */,
			);
		};
/* End PBXProject section */

/* Begin PBXResourcesBuildPhase section */
		EAA4557A2BC2CEA500AA0313 /* Resources */ = {
			isa = PBXResourcesBuildPhase;
			buildActionMask = 2147483647;
			files = (
				EAA455892BC2CEA600AA0313 /* Assets.xcassets in Resources */,
				EAA4558C2BC2CEA600AA0313 /* Base in Resources */,
				EAA455872BC2CEA500AA0313 /* Base in Resources */,
			);
			runOnlyForDeploymentPostprocessing = 0;
		};
		EAA455902BC2CEA700AA0313 /* Resources */ = {
			isa = PBXResourcesBuildPhase;
			buildActionMask = 2147483647;
			files = (
			);
			runOnlyForDeploymentPostprocessing = 0;
		};
		EAA4559A2BC2CEA700AA0313 /* Resources */ = {
			isa = PBXResourcesBuildPhase;
			buildActionMask = 2147483647;
			files = (
			);
			runOnlyForDeploymentPostprocessing = 0;
		};
/* End PBXResourcesBuildPhase section */

/* Begin PBXSourcesBuildPhase section */
		EAA455782BC2CEA500AA0313 /* Sources */ = {
			isa = PBXSourcesBuildPhase;
			buildActionMask = 2147483647;
			files = (
				EAA455842BC2CEA500AA0313 /* ViewController.swift in Sources */,
				EAA455802BC2CEA500AA0313 /* AppDelegate.swift in Sources */,
				EAA455822BC2CEA500AA0313 /* SceneDelegate.swift in Sources */,
			);
			runOnlyForDeploymentPostprocessing = 0;
		};
		EAA4558E2BC2CEA700AA0313 /* Sources */ = {
			isa = PBXSourcesBuildPhase;
			buildActionMask = 2147483647;
			files = (
				EAA455972BC2CEA700AA0313 /* I_am_RichTests.swift in Sources */,
			);
			runOnlyForDeploymentPostprocessing = 0;
		};
		EAA455982BC2CEA700AA0313 /* Sources */ = {
			isa = PBXSourcesBuildPhase;
			buildActionMask = 2147483647;
			files = (
				EAA455A32BC2CEA700AA0313 /* I_am_RichUITestsLaunchTests.swift in Sources */,
				EAA455A12BC2CEA700AA0313 /* I_am_RichUITests.swift in Sources */,
			);
			runOnlyForDeploymentPostprocessing = 0;
		};
/* End PBXSourcesBuildPhase section */

/* Begin PBXTargetDependency section */
		EAA455942BC2CEA700AA0313 /* PBXTargetDependency */ = {
			isa = PBXTargetDependency;
			target = EAA4557B2BC2CEA500AA0313 /* I am Rich */;
			targetProxy = EAA455932BC2CEA700AA0313 /* PBXContainerItemProxy */;
		};
		EAA4559E2BC2CEA700AA0313 /* PBXTargetDependency */ = {
			isa = PBXTargetDependency;
			target = EAA4557B2BC2CEA500AA0313 /* I am Rich */;
			targetProxy = EAA4559D2BC2CEA700AA0313 /* PBXContainerItemProxy */;
		};
/* End PBXTargetDependency section */

/* Begin PBXVariantGroup section */
		EAA455852BC2CEA500AA0313 /* Main.storyboard */ = {
			isa = PBXVariantGroup;
			children = (
				EAA455862BC2CEA500AA0313 /* Base */,
			);
			name = Main.storyboard;
			sourceTree = "<group>";
		};
		EAA4558A2BC2CEA600AA0313 /* LaunchScreen.storyboard */ = {
			isa = PBXVariantGroup;
			children = (
				EAA4558B2BC2CEA600AA0313 /* Base */,
			);
			name = LaunchScreen.storyboard;
			sourceTree = "<group>";
		};
/* End PBXVariantGroup section */

/* Begin XCBuildConfiguration section */
		EAA455A42BC2CEA700AA0313 /* Debug */ = {
			isa = XCBuildConfiguration;
			buildSettings = {
				ALWAYS_SEARCH_USER_PATHS = NO;
				ASSETCATALOG_COMPILER_GENERATE_SWIFT_ASSET_SYMBOL_EXTENSIONS = YES;
				CLANG_ANALYZER_NONNULL = YES;
				CLANG_ANALYZER_NUMBER_OBJECT_CONVERSION = YES_AGGRESSIVE;
				CLANG_CXX_LANGUAGE_STANDARD = "gnu++20";
				CLANG_ENABLE_MODULES = YES;
				CLANG_ENABLE_OBJC_ARC = YES;
				CLANG_ENABLE_OBJC_WEAK = YES;
				CLANG_WARN_BLOCK_CAPTURE_AUTORELEASING = YES;
				CLANG_WARN_BOOL_CONVERSION = YES;
				CLANG_WARN_COMMA = YES;
				CLANG_WARN_CONSTANT_CONVERSION = YES;
				CLANG_WARN_DEPRECATED_OBJC_IMPLEMENTATIONS = YES;
				CLANG_WARN_DIRECT_OBJC_ISA_USAGE = YES_ERROR;
				CLANG_WARN_DOCUMENTATION_COMMENTS = YES;
				CLANG_WARN_EMPTY_BODY = YES;
				CLANG_WARN_ENUM_CONVERSION = YES;
				CLANG_WARN_INFINITE_RECURSION = YES;
				CLANG_WARN_INT_CONVERSION = YES;
				CLANG_WARN_NON_LITERAL_NULL_CONVERSION = YES;
				CLANG_WARN_OBJC_IMPLICIT_RETAIN_SELF = YES;
				CLANG_WARN_OBJC_LITERAL_CONVERSION = YES;
				CLANG_WARN_OBJC_ROOT_CLASS = YES_ERROR;
				CLANG_WARN_QUOTED_INCLUDE_IN_FRAMEWORK_HEADER = YES;
				CLANG_WARN_RANGE_LOOP_ANALYSIS = YES;
				CLANG_WARN_STRICT_PROTOTYPES = YES;
				CLANG_WARN_SUSPICIOUS_MOVE = YES;
				CLANG_WARN_UNGUARDED_AVAILABILITY = YES_AGGRESSIVE;
				CLANG_WARN_UNREACHABLE_CODE = YES;
				CLANG_WARN__DUPLICATE_METHOD_MATCH = YES;
				COPY_PHASE_STRIP = NO;
				DEBUG_INFORMATION_FORMAT = dwarf;
				ENABLE_STRICT_OBJC_MSGSEND = YES;
				ENABLE_TESTABILITY = YES;
				ENABLE_USER_SCRIPT_SANDBOXING = YES;
				GCC_C_LANGUAGE_STANDARD = gnu17;
				GCC_DYNAMIC_NO_PIC = NO;
				GCC_NO_COMMON_BLOCKS = YES;
				GCC_OPTIMIZATION_LEVEL = 0;
				GCC_PREPROCESSOR_DEFINITIONS = (
					"DEBUG=1",
					"$(inherited)",
				);
				GCC_WARN_64_TO_32_BIT_CONVERSION = YES;
				GCC_WARN_ABOUT_RETURN_TYPE = YES_ERROR;
				GCC_WARN_UNDECLARED_SELECTOR = YES;
				GCC_WARN_UNINITIALIZED_AUTOS = YES_AGGRESSIVE;
				GCC_WARN_UNUSED_FUNCTION = YES;
				GCC_WARN_UNUSED_VARIABLE = YES;
				IPHONEOS_DEPLOYMENT_TARGET = 17.4;
				LOCALIZATION_PREFERS_STRING_CATALOGS = YES;
				MTL_ENABLE_DEBUG_INFO = INCLUDE_SOURCE;
				MTL_FAST_MATH = YES;
				ONLY_ACTIVE_ARCH = YES;
				SDKROOT = iphoneos;
				SWIFT_ACTIVE_COMPILATION_CONDITIONS = "DEBUG $(inherited)";
				SWIFT_OPTIMIZATION_LEVEL = "-Onone";
			};
			name = Debug;
		};
		EAA455A52BC2CEA700AA0313 /* Release */ = {
			isa = XCBuildConfiguration;
			buildSettings = {
				ALWAYS_SEARCH_USER_PATHS = NO;
				ASSETCATALOG_COMPILER_GENERATE_SWIFT_ASSET_SYMBOL_EXTENSIONS = YES;
				CLANG_ANALYZER_NONNULL = YES;
				CLANG_ANALYZER_NUMBER_OBJECT_CONVERSION = YES_AGGRESSIVE;
				CLANG_CXX_LANGUAGE_STANDARD = "gnu++20";
				CLANG_ENABLE_MODULES = YES;
				CLANG_ENABLE_OBJC_ARC = YES;
				CLANG_ENABLE_OBJC_WEAK = YES;
				CLANG_WARN_BLOCK_CAPTURE_AUTORELEASING = YES;
				CLANG_WARN_BOOL_CONVERSION = YES;
				CLANG_WARN_COMMA = YES;
				CLANG_WARN_CONSTANT_CONVERSION = YES;
				CLANG_WARN_DEPRECATED_OBJC_IMPLEMENTATIONS = YES;
				CLANG_WARN_DIRECT_OBJC_ISA_USAGE = YES_ERROR;
				CLANG_WARN_DOCUMENTATION_COMMENTS = YES;
				CLANG_WARN_EMPTY_BODY = YES;
				CLANG_WARN_ENUM_CONVERSION = YES;
				CLANG_WARN_INFINITE_RECURSION = YES;
				CLANG_WARN_INT_CONVERSION = YES;
				CLANG_WARN_NON_LITERAL_NULL_CONVERSION = YES;
				CLANG_WARN_OBJC_IMPLICIT_RETAIN_SELF = YES;
				CLANG_WARN_OBJC_LITERAL_CONVERSION = YES;
				CLANG_WARN_OBJC_ROOT_CLASS = YES_ERROR;
				CLANG_WARN_QUOTED_INCLUDE_IN_FRAMEWORK_HEADER = YES;
				CLANG_WARN_RANGE_LOOP_ANALYSIS = YES;
				CLANG_WARN_STRICT_PROTOTYPES = YES;
				CLANG_WARN_SUSPICIOUS_MOVE = YES;
				CLANG_WARN_UNGUARDED_AVAILABILITY = YES_AGGRESSIVE;
				CLANG_WARN_UNREACHABLE_CODE = YES;
				CLANG_WARN__DUPLICATE_METHOD_MATCH = YES;
				COPY_PHASE_STRIP = NO;
				DEBUG_INFORMATION_FORMAT = "dwarf-with-dsym";
				ENABLE_NS_ASSERTIONS = NO;
				ENABLE_STRICT_OBJC_MSGSEND = YES;
				ENABLE_USER_SCRIPT_SANDBOXING = YES;
				GCC_C_LANGUAGE_STANDARD = gnu17;
				GCC_NO_COMMON_BLOCKS = YES;
				GCC_WARN_64_TO_32_BIT_CONVERSION = YES;
				GCC_WARN_ABOUT_RETURN_TYPE = YES_ERROR;
				GCC_WARN_UNDECLARED_SELECTOR = YES;
				GCC_WARN_UNINITIALIZED_AUTOS = YES_AGGRESSIVE;
				GCC_WARN_UNUSED_FUNCTION = YES;
				GCC_WARN_UNUSED_VARIABLE = YES;
				IPHONEOS_DEPLOYMENT_TARGET = 17.4;
				LOCALIZATION_PREFERS_STRING_CATALOGS = YES;
				MTL_ENABLE_DEBUG_INFO = NO;
				MTL_FAST_MATH = YES;
				SDKROOT = iphoneos;
				SWIFT_COMPILATION_MODE = wholemodule;
				VALIDATE_PRODUCT = YES;
			};
			name = Release;
		};
		EAA455A72BC2CEA700AA0313 /* Debug */ = {
			isa = XCBuildConfiguration;
			buildSettings = {
				ASSETCATALOG_COMPILER_APPICON_NAME = AppIcon;
				ASSETCATALOG_COMPILER_GLOBAL_ACCENT_COLOR_NAME = AccentColor;
				CODE_SIGN_STYLE = Automatic;
				CURRENT_PROJECT_VERSION = 1;
				GENERATE_INFOPLIST_FILE = YES;
				INFOPLIST_FILE = "I am Rich/Info.plist";
				INFOPLIST_KEY_UIApplicationSupportsIndirectInputEvents = YES;
				INFOPLIST_KEY_UILaunchStoryboardName = LaunchScreen;
				INFOPLIST_KEY_UIMainStoryboardFile = Main;
				INFOPLIST_KEY_UIStatusBarStyle = "";
				INFOPLIST_KEY_UISupportedInterfaceOrientations = "UIInterfaceOrientationLandscapeLeft UIInterfaceOrientationLandscapeRight UIInterfaceOrientationPortrait";
				INFOPLIST_KEY_UISupportedInterfaceOrientations_iPad = "UIInterfaceOrientationLandscapeLeft UIInterfaceOrientationLandscapeRight UIInterfaceOrientationPortrait UIInterfaceOrientationPortraitUpsideDown";
				IPHONEOS_DEPLOYMENT_TARGET = 13.0;
				LD_RUNPATH_SEARCH_PATHS = (
					"$(inherited)",
					"@executable_path/Frameworks",
				);
				MARKETING_VERSION = 1.0;
				PRODUCT_BUNDLE_IDENTIFIER = "com.moshiur.I-am-Rich";
				PRODUCT_NAME = "$(TARGET_NAME)";
				SWIFT_EMIT_LOC_STRINGS = YES;
				SWIFT_VERSION = 5.0;
				TARGETED_DEVICE_FAMILY = "1,2";
			};
			name = Debug;
		};
		EAA455A82BC2CEA700AA0313 /* Release */ = {
			isa = XCBuildConfiguration;
			buildSettings = {
				ASSETCATALOG_COMPILER_APPICON_NAME = AppIcon;
				ASSETCATALOG_COMPILER_GLOBAL_ACCENT_COLOR_NAME = AccentColor;
				CODE_SIGN_STYLE = Automatic;
				CURRENT_PROJECT_VERSION = 1;
				GENERATE_INFOPLIST_FILE = YES;
				INFOPLIST_FILE = "I am Rich/Info.plist";
				INFOPLIST_KEY_UIApplicationSupportsIndirectInputEvents = YES;
				INFOPLIST_KEY_UILaunchStoryboardName = LaunchScreen;
				INFOPLIST_KEY_UIMainStoryboardFile = Main;
				INFOPLIST_KEY_UIStatusBarStyle = "";
				INFOPLIST_KEY_UISupportedInterfaceOrientations = "UIInterfaceOrientationLandscapeLeft UIInterfaceOrientationLandscapeRight UIInterfaceOrientationPortrait";
				INFOPLIST_KEY_UISupportedInterfaceOrientations_iPad = "UIInterfaceOrientationLandscapeLeft UIInterfaceOrientationLandscapeRight UIInterfaceOrientationPortrait UIInterfaceOrientationPortraitUpsideDown";
				IPHONEOS_DEPLOYMENT_TARGET = 13.0;
				LD_RUNPATH_SEARCH_PATHS = (
					"$(inherited)",
					"@executable_path/Frameworks",
				);
				MARKETING_VERSION = 1.0;
				PRODUCT_BUNDLE_IDENTIFIER = "com.moshiur.I-am-Rich";
				PRODUCT_NAME = "$(TARGET_NAME)";
				SWIFT_EMIT_LOC_STRINGS = YES;
				SWIFT_VERSION = 5.0;
				TARGETED_DEVICE_FAMILY = "1,2";
			};
			name = Release;
		};
		EAA455AA2BC2CEA700AA0313 /* Debug */ = {
			isa = XCBuildConfiguration;
			buildSettings = {
				ALWAYS_EMBED_SWIFT_STANDARD_LIBRARIES = YES;
				BUNDLE_LOADER = "$(TEST_HOST)";
				CODE_SIGN_STYLE = Automatic;
				CURRENT_PROJECT_VERSION = 1;
				GENERATE_INFOPLIST_FILE = YES;
				IPHONEOS_DEPLOYMENT_TARGET = 17.4;
				MARKETING_VERSION = 1.0;
				PRODUCT_BUNDLE_IDENTIFIER = "com.moshiur.I-am-RichTests";
				PRODUCT_NAME = "$(TARGET_NAME)";
				SWIFT_EMIT_LOC_STRINGS = NO;
				SWIFT_VERSION = 5.0;
				TARGETED_DEVICE_FAMILY = "1,2";
				TEST_HOST = "$(BUILT_PRODUCTS_DIR)/I am Rich.app/$(BUNDLE_EXECUTABLE_FOLDER_PATH)/I am Rich";
			};
			name = Debug;
		};
		EAA455AB2BC2CEA700AA0313 /* Release */ = {
			isa = XCBuildConfiguration;
			buildSettings = {
				ALWAYS_EMBED_SWIFT_STANDARD_LIBRARIES = YES;
				BUNDLE_LOADER = "$(TEST_HOST)";
				CODE_SIGN_STYLE = Automatic;
				CURRENT_PROJECT_VERSION = 1;
				GENERATE_INFOPLIST_FILE = YES;
				IPHONEOS_DEPLOYMENT_TARGET = 17.4;
				MARKETING_VERSION = 1.0;
				PRODUCT_BUNDLE_IDENTIFIER = "com.moshiur.I-am-RichTests";
				PRODUCT_NAME = "$(TARGET_NAME)";
				SWIFT_EMIT_LOC_STRINGS = NO;
				SWIFT_VERSION = 5.0;
				TARGETED_DEVICE_FAMILY = "1,2";
				TEST_HOST = "$(BUILT_PRODUCTS_DIR)/I am Rich.app/$(BUNDLE_EXECUTABLE_FOLDER_PATH)/I am Rich";
			};
			name = Release;
		};
		EAA455AD2BC2CEA700AA0313 /* Debug */ = {
			isa = XCBuildConfiguration;
			buildSettings = {
				ALWAYS_EMBED_SWIFT_STANDARD_LIBRARIES = YES;
				CODE_SIGN_STYLE = Automatic;
				CURRENT_PROJECT_VERSION = 1;
				GENERATE_INFOPLIST_FILE = YES;
				MARKETING_VERSION = 1.0;
				PRODUCT_BUNDLE_IDENTIFIER = "com.moshiur.I-am-RichUITests";
				PRODUCT_NAME = "$(TARGET_NAME)";
				SWIFT_EMIT_LOC_STRINGS = NO;
				SWIFT_VERSION = 5.0;
				TARGETED_DEVICE_FAMILY = "1,2";
				TEST_TARGET_NAME = "I am Rich";
			};
			name = Debug;
		};
		EAA455AE2BC2CEA700AA0313 /* Release */ = {
			isa = XCBuildConfiguration;
			buildSettings = {
				ALWAYS_EMBED_SWIFT_STANDARD_LIBRARIES = YES;
				CODE_SIGN_STYLE = Automatic;
				CURRENT_PROJECT_VERSION = 1;
				GENERATE_INFOPLIST_FILE = YES;
				MARKETING_VERSION = 1.0;
				PRODUCT_BUNDLE_IDENTIFIER = "com.moshiur.I-am-RichUITests";
				PRODUCT_NAME = "$(TARGET_NAME)";
				SWIFT_EMIT_LOC_STRINGS = NO;
				SWIFT_VERSION = 5.0;
				TARGETED_DEVICE_FAMILY = "1,2";
				TEST_TARGET_NAME = "I am Rich";
			};
			name = Release;
		};
/* End XCBuildConfiguration section */

/* Begin XCConfigurationList section */
		EAA455772BC2CEA500AA0313 /* Build configuration list for PBXProject "I am Rich" */ = {
			isa = XCConfigurationList;
			buildConfigurations = (
				EAA455A42BC2CEA700AA0313 /* Debug */,
				EAA455A52BC2CEA700AA0313 /* Release */,
			);
			defaultConfigurationIsVisible = 0;
			defaultConfigurationName = Release;
		};
		EAA455A62BC2CEA700AA0313 /* Build configuration list for PBXNativeTarget "I am Rich" */ = {
			isa = XCConfigurationList;
			buildConfigurations = (
				EAA455A72BC2CEA700AA0313 /* Debug */,
				EAA455A82BC2CEA700AA0313 /* Release */,
			);
			defaultConfigurationIsVisible = 0;
			defaultConfigurationName = Release;
		};
		EAA455A92BC2CEA700AA0313 /* Build configuration list for PBXNativeTarget "I am RichTests" */ = {
			isa = XCConfigurationList;
			buildConfigurations = (
				EAA455AA2BC2CEA700AA0313 /* Debug */,
				EAA455AB2BC2CEA700AA0313 /* Release */,
			);
			defaultConfigurationIsVisible = 0;
			defaultConfigurationName = Release;
		};
		EAA455AC2BC2CEA700AA0313 /* Build configuration list for PBXNativeTarget "I am RichUITests" */ = {
			isa = XCConfigurationList;
			buildConfigurations = (
				EAA455AD2BC2CEA700AA0313 /* Debug */,
				EAA455AE2BC2CEA700AA0313 /* Release */,
			);
			defaultConfigurationIsVisible = 0;
			defaultConfigurationName = Release;
		};
/* End XCConfigurationList section */
	};
	rootObject = EAA455742BC2CEA500AA0313 /* Project object */;
}
